
Microsoft Visual Studio Solution File, Format Version 12.00
# Visual Studio Version 17
VisualStudioVersion = 17.7.34024.191
MinimumVisualStudioVersion = 10.0.40219.1
Project("{FAE04EC0-301F-11D3-BF4B-00C04F79EFBC}") = "FilesPractice", "FilesPractice\FilesPractice.csproj", "{08A01CFB-1A68-492C-8874-690FD6B54F8E}"
EndProject
Global
	GlobalSection(SolutionConfigurationPlatforms) = preSolution
		Debug|Any CPU = Debug|Any CPU
		Release|Any CPU = Release|Any CPU
	EndGlobalSection
	GlobalSection(ProjectConfigurationPlatforms) = postSolution
		{08A01CFB-1A68-492C-8874-690FD6B54F8E}.Debug|Any CPU.ActiveCfg = Debug|Any CPU
		{08A01CFB-1A68-492C-8874-690FD6B54F8E}.Debug|Any CPU.Build.0 = Debug|Any CPU
		{08A01CFB-1A68-492C-8874-690FD6B54F8E}.Release|Any CPU.ActiveCfg = Release|Any CPU
		{08A01CFB-1A68-492C-8874-690FD6B54F8E}.Release|Any CPU.Build.0 = Release|Any CPU
	EndGlobalSection
	GlobalSection(SolutionProperties) = preSolution
		HideSolutionNode = FALSE
	EndGlobalSection
	GlobalSection(ExtensibilityGlobals) = postSolution
		SolutionGuid = {023B3463-F1ED-4CA1-8546-0B2C4600AE53}
	EndGlobalSection
EndGlobal
